
Microsoft Visual Studio Solution File, Format Version 12.00
# Visual Studio 15
VisualStudioVersion = 15.0.28307.168
MinimumVisualStudioVersion = 10.0.40219.1
Project("{8BC9CEB8-8B4A-11D0-8D11-00A0C91BC942}") = "HTTPServer", "HTTPServer.vcxproj", "{4EE6263A-B4D7-4DCD-9222-B0E47F5EBDD5}"
EndProject
Global
	GlobalSection(SolutionConfigurationPlatforms) = preSolution
		Debug|x64 = Debug|x64
		Debug|x86 = Debug|x86
		Release|x64 = Release|x64
		Release|x86 = Release|x86
	EndGlobalSection
	GlobalSection(ProjectConfigurationPlatforms) = postSolution
		{4EE6263A-B4D7-4DCD-9222-B0E47F5EBDD5}.Debug|x64.ActiveCfg = Debug|x64
		{4EE6263A-B4D7-4DCD-9222-B0E47F5EBDD5}.Debug|x64.Build.0 = Debug|x64
		{4EE6263A-B4D7-4DCD-9222-B0E47F5EBDD5}.Debug|x86.ActiveCfg = Debug|Win32
		{4EE6263A-B4D7-4DCD-9222-B0E47F5EBDD5}.Debug|x86.Build.0 = Debug|Win32
		{4EE6263A-B4D7-4DCD-9222-B0E47F5EBDD5}.Release|x64.ActiveCfg = Release|x64
		{4EE6263A-B4D7-4DCD-9222-B0E47F5EBDD5}.Release|x64.Build.0 = Release|x64
		{4EE6263A-B4D7-4DCD-9222-B0E47F5EBDD5}.Release|x86.ActiveCfg = Release|Win32
		{4EE6263A-B4D7-4DCD-9222-B0E47F5EBDD5}.Release|x86.Build.0 = Release|Win32
	EndGlobalSection
	GlobalSection(SolutionProperties) = preSolution
		HideSolutionNode = FALSE
	EndGlobalSection
	GlobalSection(ExtensibilityGlobals) = postSolution
		SolutionGuid = {4D2305A4-C83D-4334-BF05-FCED97DBD276}
	EndGlobalSection
EndGlobal
